# This file is automatically @generated by Cargo.
# It is not intended for manual editing.
version = 4

[[package]]
name = "cfg-if"
version = "1.0.4"
source = "registry+https://github.com/rust-lang/crates.io-index"
checksum = "9330f8b2ff13f34540b44e946ef35111825727b38d33286ef986142615121801"

[[package]]
name = "getrandom"
version = "0.2.17"
source = "registry+https://github.com/rust-lang/crates.io-index"
checksum = "ff2abc00be7fca6ebc474524697ae276ad847ad0a6b3faa4bcb027e9a4614ad0"
dependencies = [
 "cfg-if",
 "libc",
 "wasi",
]

[[package]]
name = "libc"
version = "0.2.189"
source = "registry+https://github.com/rust-lang/crates.io-index"
checksum = "3eaf3ede3fee6db1a4c2ee091bf8a8b4dccdc6d17f656fb07896ee72867612f2"

[[package]]
name = "proc-macro2"
version = "1.0.106"
source = "registry+https://github.com/rust-lang/crates.io-index"
checksum = "8fd00f0bb2e90d81d1044c2b32617f68fcb9fa3bb7640c23e9c748e53fb30934"
dependencies = [
 "unicode-ident",
]

[[package]]
name = "quote"
version = "1.0.45"
source = "registry+https://github.com/rust-lang/crates.io-index"
checksum = "41f2619966050689382d2b44f664f4bc593e129785a36d6ee376ddf37259b924"
dependencies = [
 "proc-macro2",
]

[[package]]
name = "simrs-apdu-schema"
version = "0.1.0"

[[package]]
name = "simrs-bertlv"
version = "0.1.0"

[[package]]
name = "simrs-card-api"
version = "0.1.0"
dependencies = [
 "getrandom",
 "simrs-iso7816",
]

[[package]]
name = "simrs-comp128"
version = "0.1.0"
dependencies = [
 "simrs-consttime",
 "simrs-redact",
 "simrs-secret",
]

[[package]]
name = "simrs-consttime"
version = "0.1.0"
dependencies = [
 "simrs-consttime-macros",
]

[[package]]
name = "simrs-consttime-macros"
version = "0.1.0"
dependencies = [
 "proc-macro2",
 "quote",
 "syn",
]

[[package]]
name = "simrs-des"
version = "0.1.0"
dependencies = [
 "simrs-consttime",
 "simrs-redact",
 "simrs-secret",
]

[[package]]
name = "simrs-ecies"
version = "0.1.0"
dependencies = [
 "simrs-consttime",
 "simrs-kdf",
 "simrs-rijndael",
 "simrs-secret",
]

[[package]]
name = "simrs-fs"
version = "0.1.0"

[[package]]
name = "simrs-gp-card"
version = "0.1.0"
dependencies = [
 "simrs-card-api",
 "simrs-gp-keys",
 "simrs-gp-open",
 "simrs-iso7816",
 "simrs-jcre",
 "simrs-milenage",
 "simrs-sim",
]

[[package]]
name = "simrs-gp-keys"
version = "0.1.0"

[[package]]
name = "simrs-gp-open"
version = "0.1.0"
dependencies = [
 "simrs-apdu-schema",
 "simrs-bertlv",
 "simrs-card-api",
 "simrs-consttime",
 "simrs-gp-keys",
 "simrs-gp-scp",
 "simrs-iso7816",
 "simrs-jcre",
 "simrs-jcvm",
 "simrs-pin",
 "simrs-secret",
]

[[package]]
name = "simrs-gp-scp"
version = "0.1.0"
dependencies = [
 "simrs-apdu-schema",
 "simrs-consttime",
 "simrs-des",
 "simrs-gp-keys",
 "simrs-iso9797",
 "simrs-rijndael",
 "simrs-secret",
]

[[package]]
name = "simrs-gsm"
version = "0.1.0"
dependencies = [
 "simrs-comp128",
 "simrs-fs",
 "simrs-iso7816",
 "simrs-pin",
 "simrs-redact",
 "simrs-secret",
]

[[package]]
name = "simrs-hle"
version = "0.1.0"
dependencies = [
 "simrs-card-api",
 "simrs-fs",
 "simrs-gp-card",
 "simrs-gp-keys",
 "simrs-gsm",
 "simrs-milenage",
 "simrs-profile",
 "simrs-secret",
 "simrs-sim",
 "simrs-tuak",
 "simrs-usim",
]

[[package]]
name = "simrs-hle-rust"
version = "0.1.0"
dependencies = [
 "simrs-hle",
]

[[package]]
name = "simrs-iso7816"
version = "0.1.0"
dependencies = [
 "simrs-apdu-schema",
]

[[package]]
name = "simrs-iso9797"
version = "0.1.0"
dependencies = [
 "simrs-des",
 "simrs-rijndael",
 "simrs-secret",
]

[[package]]
name = "simrs-jcre"
version = "0.1.0"
dependencies = [
 "simrs-iso7816",
]

[[package]]
name = "simrs-jcvm"
version = "0.1.0"
dependencies = [
 "simrs-consttime",
 "simrs-iso7816",
 "simrs-jcre",
 "simrs-jcvm-opcodes",
]

[[package]]
name = "simrs-jcvm-opcodes"
version = "0.1.0"

[[package]]
name = "simrs-kdf"
version = "0.1.0"
dependencies = [
 "simrs-consttime",
 "simrs-milenage",
 "simrs-secret",
 "simrs-sha256",
]

[[package]]
name = "simrs-keccak"
version = "0.1.0"

[[package]]
name = "simrs-milenage"
version = "0.1.0"
dependencies = [
 "simrs-consttime",
 "simrs-redact",
 "simrs-rijndael",
 "simrs-secret",
]

[[package]]
name = "simrs-pin"
version = "0.1.0"
dependencies = [
 "simrs-consttime",
 "simrs-iso7816",
 "simrs-secret",
]

[[package]]
name = "simrs-proactive"
version = "0.1.0"
dependencies = [
 "simrs-bertlv",
]

[[package]]
name = "simrs-profile"
version = "0.1.0"
dependencies = [
 "simrs-fs",
 "simrs-redact",
]

[[package]]
name = "simrs-redact"
version = "0.1.0"

[[package]]
name = "simrs-rijndael"
version = "0.1.0"
dependencies = [
 "simrs-consttime",
 "simrs-secret",
]

[[package]]
name = "simrs-secret"
version = "0.1.0"
dependencies = [
 "simrs-consttime",
 "simrs-redact",
]

[[package]]
name = "simrs-sha256"
version = "0.1.0"

[[package]]
name = "simrs-sim"
version = "0.1.0"
dependencies = [
 "simrs-card-api",
 "simrs-fs",
 "simrs-gsm",
 "simrs-iso7816",
 "simrs-jcre",
 "simrs-milenage",
 "simrs-pin",
 "simrs-secret",
 "simrs-usim",
]

[[package]]
name = "simrs-tuak"
version = "0.1.0"
dependencies = [
 "simrs-keccak",
 "simrs-milenage",
 "simrs-redact",
 "simrs-secret",
]

[[package]]
name = "simrs-usim"
version = "0.1.0"
dependencies = [
 "simrs-bertlv",
 "simrs-ecies",
 "simrs-fs",
 "simrs-iso7816",
 "simrs-kdf",
 "simrs-milenage",
 "simrs-pin",
 "simrs-proactive",
 "simrs-redact",
 "simrs-secret",
]

[[package]]
name = "syn"
version = "2.0.117"
source = "registry+https://github.com/rust-lang/crates.io-index"
checksum = "e665b8803e7b1d2a727f4023456bbbbe74da67099c585258af0ad9c5013b9b99"
dependencies = [
 "proc-macro2",
 "quote",
 "unicode-ident",
]

[[package]]
name = "unicode-ident"
version = "1.0.24"
source = "registry+https://github.com/rust-lang/crates.io-index"
checksum = "e6e4313cd5fcd3dad5cafa179702e2b244f760991f45397d14d4ebf38247da75"

[[package]]
name = "wasi"
version = "0.11.1+wasi-snapshot-preview1"
source = "registry+https://github.com/rust-lang/crates.io-index"
checksum = "ccf3ec651a847eb01de73ccad15eb7d99f80485de043efb2f370cd654f4ea44b"
