# This file is automatically @generated by Cargo.
# It is not intended for manual editing.
version = 4

[[package]]
name = "proc-macro2"
version = "1.0.106"
source = "registry+https://github.com/rust-lang/crates.io-index"
checksum = "8fd00f0bb2e90d81d1044c2b32617f68fcb9fa3bb7640c23e9c748e53fb30934"
dependencies = [
 "unicode-ident",
]

[[package]]
name = "quote"
version = "1.0.44"
source = "registry+https://github.com/rust-lang/crates.io-index"
checksum = "21b2ebcf727b7760c461f091f9f0f539b77b8e87f2fd88131e7f1b433b3cece4"
dependencies = [
 "proc-macro2",
]

[[package]]
name = "simrs-bertlv"
version = "0.1.0"

[[package]]
name = "simrs-comp128"
version = "0.1.0"
dependencies = [
 "simrs-consttime",
 "simrs-redact",
 "simrs-secret",
]

[[package]]
name = "simrs-consttime"
version = "0.1.0"
dependencies = [
 "simrs-consttime-macros",
]

[[package]]
name = "simrs-consttime-macros"
version = "0.1.0"
dependencies = [
 "proc-macro2",
 "quote",
 "syn",
]

[[package]]
name = "simrs-ecies"
version = "0.1.0"
dependencies = [
 "simrs-consttime",
 "simrs-kdf",
 "simrs-rijndael",
 "simrs-secret",
]

[[package]]
name = "simrs-fs"
version = "0.1.0"

[[package]]
name = "simrs-gsm"
version = "0.1.0"
dependencies = [
 "simrs-comp128",
 "simrs-fs",
 "simrs-iso7816",
 "simrs-pin",
 "simrs-redact",
 "simrs-secret",
]

[[package]]
name = "simrs-hle"
version = "0.1.0"
dependencies = [
 "simrs-fs",
 "simrs-gsm",
 "simrs-milenage",
 "simrs-profile",
 "simrs-secret",
 "simrs-sim",
 "simrs-tuak",
 "simrs-usim",
]

[[package]]
name = "simrs-hle-ffi"
version = "0.1.0"
dependencies = [
 "simrs-gsm",
 "simrs-hle",
 "simrs-profile",
 "simrs-usim",
]

[[package]]
name = "simrs-iso7816"
version = "0.1.0"

[[package]]
name = "simrs-kdf"
version = "0.1.0"
dependencies = [
 "simrs-milenage",
 "simrs-secret",
 "simrs-sha256",
]

[[package]]
name = "simrs-keccak"
version = "0.1.0"

[[package]]
name = "simrs-milenage"
version = "0.1.0"
dependencies = [
 "simrs-consttime",
 "simrs-redact",
 "simrs-rijndael",
 "simrs-secret",
]

[[package]]
name = "simrs-pin"
version = "0.1.0"
dependencies = [
 "simrs-consttime",
 "simrs-iso7816",
 "simrs-secret",
]

[[package]]
name = "simrs-proactive"
version = "0.1.0"
dependencies = [
 "simrs-bertlv",
]

[[package]]
name = "simrs-profile"
version = "0.1.0"
dependencies = [
 "simrs-fs",
 "simrs-redact",
]

[[package]]
name = "simrs-redact"
version = "0.1.0"

[[package]]
name = "simrs-rijndael"
version = "0.1.0"
dependencies = [
 "simrs-consttime",
 "simrs-secret",
]

[[package]]
name = "simrs-secret"
version = "0.1.0"
dependencies = [
 "simrs-consttime",
 "simrs-redact",
]

[[package]]
name = "simrs-sha256"
version = "0.1.0"

[[package]]
name = "simrs-sim"
version = "0.1.0"
dependencies = [
 "simrs-fs",
 "simrs-gsm",
 "simrs-iso7816",
 "simrs-milenage",
 "simrs-pin",
 "simrs-secret",
 "simrs-usim",
]

[[package]]
name = "simrs-tuak"
version = "0.1.0"
dependencies = [
 "simrs-keccak",
 "simrs-milenage",
 "simrs-redact",
 "simrs-secret",
]

[[package]]
name = "simrs-usim"
version = "0.1.0"
dependencies = [
 "simrs-bertlv",
 "simrs-ecies",
 "simrs-fs",
 "simrs-iso7816",
 "simrs-kdf",
 "simrs-milenage",
 "simrs-pin",
 "simrs-proactive",
 "simrs-redact",
 "simrs-secret",
]

[[package]]
name = "syn"
version = "2.0.117"
source = "registry+https://github.com/rust-lang/crates.io-index"
checksum = "e665b8803e7b1d2a727f4023456bbbbe74da67099c585258af0ad9c5013b9b99"
dependencies = [
 "proc-macro2",
 "quote",
 "unicode-ident",
]

[[package]]
name = "unicode-ident"
version = "1.0.24"
source = "registry+https://github.com/rust-lang/crates.io-index"
checksum = "e6e4313cd5fcd3dad5cafa179702e2b244f760991f45397d14d4ebf38247da75"
