# This file is automatically @generated by Cargo.
# It is not intended for manual editing.
version = 4

[[package]]
name = "const-oid"
version = "0.10.2"
source = "registry+https://github.com/rust-lang/crates.io-index"
checksum = "a6ef517f0926dd24a1582492c791b6a4818a4d94e789a334894aa15b0d12f55c"

[[package]]
name = "der"
version = "0.8.0"
source = "registry+https://github.com/rust-lang/crates.io-index"
checksum = "71fd89660b2dc699704064e59e9dba0147b903e85319429e131620d022be411b"
dependencies = [
 "const-oid",
 "der_derive",
 "zeroize",
]

[[package]]
name = "der_derive"
version = "0.8.0"
source = "registry+https://github.com/rust-lang/crates.io-index"
checksum = "59600e2c2d636fde9b65e99cc6445ac770c63d3628195ff39932b8d6d7409903"
dependencies = [
 "proc-macro2",
 "quote",
 "syn",
]

[[package]]
name = "proc-macro2"
version = "1.0.106"
source = "registry+https://github.com/rust-lang/crates.io-index"
checksum = "8fd00f0bb2e90d81d1044c2b32617f68fcb9fa3bb7640c23e9c748e53fb30934"
dependencies = [
 "unicode-ident",
]

[[package]]
name = "quote"
version = "1.0.44"
source = "registry+https://github.com/rust-lang/crates.io-index"
checksum = "21b2ebcf727b7760c461f091f9f0f539b77b8e87f2fd88131e7f1b433b3cece4"
dependencies = [
 "proc-macro2",
]

[[package]]
name = "simrs-bertlv"
version = "0.1.0"

[[package]]
name = "simrs-comp128"
version = "0.1.0"
dependencies = [
 "simrs-consttime",
]

[[package]]
name = "simrs-consttime"
version = "0.1.0"
dependencies = [
 "simrs-consttime-macros",
]

[[package]]
name = "simrs-consttime-macros"
version = "0.1.0"
dependencies = [
 "proc-macro2",
 "quote",
 "syn",
]

[[package]]
name = "simrs-fs"
version = "0.1.0"

[[package]]
name = "simrs-gsm"
version = "0.1.0"
dependencies = [
 "simrs-comp128",
 "simrs-fs",
 "simrs-iso7816",
 "simrs-pin",
]

[[package]]
name = "simrs-hle"
version = "0.1.0"
dependencies = [
 "simrs-fs",
 "simrs-gsm",
 "simrs-milenage",
 "simrs-profile",
 "simrs-sim",
 "simrs-tuak",
 "simrs-usim",
]

[[package]]
name = "simrs-hle-ffi"
version = "0.1.0"
dependencies = [
 "simrs-gsm",
 "simrs-hle",
 "simrs-usim",
]

[[package]]
name = "simrs-iso7816"
version = "0.1.0"

[[package]]
name = "simrs-keccak"
version = "0.1.0"

[[package]]
name = "simrs-milenage"
version = "0.1.0"
dependencies = [
 "simrs-consttime",
 "simrs-rijndael",
]

[[package]]
name = "simrs-pin"
version = "0.1.0"
dependencies = [
 "simrs-consttime",
]

[[package]]
name = "simrs-proactive"
version = "0.1.0"
dependencies = [
 "simrs-bertlv",
]

[[package]]
name = "simrs-profile"
version = "0.1.0"
dependencies = [
 "der",
 "simrs-fs",
]

[[package]]
name = "simrs-rijndael"
version = "0.1.0"
dependencies = [
 "simrs-consttime",
]

[[package]]
name = "simrs-sim"
version = "0.1.0"
dependencies = [
 "simrs-fs",
 "simrs-gsm",
 "simrs-iso7816",
 "simrs-milenage",
 "simrs-pin",
 "simrs-usim",
]

[[package]]
name = "simrs-tuak"
version = "0.1.0"
dependencies = [
 "simrs-consttime",
 "simrs-keccak",
 "simrs-milenage",
]

[[package]]
name = "simrs-usim"
version = "0.1.0"
dependencies = [
 "simrs-bertlv",
 "simrs-fs",
 "simrs-iso7816",
 "simrs-milenage",
 "simrs-pin",
 "simrs-proactive",
]

[[package]]
name = "syn"
version = "2.0.117"
source = "registry+https://github.com/rust-lang/crates.io-index"
checksum = "e665b8803e7b1d2a727f4023456bbbbe74da67099c585258af0ad9c5013b9b99"
dependencies = [
 "proc-macro2",
 "quote",
 "unicode-ident",
]

[[package]]
name = "unicode-ident"
version = "1.0.24"
source = "registry+https://github.com/rust-lang/crates.io-index"
checksum = "e6e4313cd5fcd3dad5cafa179702e2b244f760991f45397d14d4ebf38247da75"

[[package]]
name = "zeroize"
version = "1.8.2"
source = "registry+https://github.com/rust-lang/crates.io-index"
checksum = "b97154e67e32c85465826e8bcc1c59429aaaf107c1e4a9e53c8d8ccd5eff88d0"
